
Microsoft Visual Studio Solution File, Format Version 12.00
# Visual Studio Version 17
VisualStudioVersion = 17.3.32819.101
MinimumVisualStudioVersion = 10.0.40219.1
Project("{FAE04EC0-301F-11D3-BF4B-00C04F79EFBC}") = "Some.Domain", "Some.Domain\Some.Domain.csproj", "{4E7FB6F9-5CFE-4244-BB13-05700970C6ED}"
EndProject
Project("{FAE04EC0-301F-11D3-BF4B-00C04F79EFBC}") = "Some.Application", "Some.Application\Some.Application.csproj", "{74422EE1-B2DB-46C9-BDDD-3D57FA13BE5A}"
EndProject
Project("{FAE04EC0-301F-11D3-BF4B-00C04F79EFBC}") = "Some.DataAccess", "Some.DataAccess\Some.DataAccess.csproj", "{32C172C9-D3F2-4D24-92F0-C0C5F8E0CF81}"
EndProject
Project("{FAE04EC0-301F-11D3-BF4B-00C04F79EFBC}") = "Some.Api", "Some.Api\Some.Api.csproj", "{5FCA1C04-6DF5-42B5-95FB-5D6F8B6EDBFF}"
EndProject
Global
	GlobalSection(SolutionConfigurationPlatforms) = preSolution
		Debug|Any CPU = Debug|Any CPU
		Release|Any CPU = Release|Any CPU
	EndGlobalSection
	GlobalSection(ProjectConfigurationPlatforms) = postSolution
		{4E7FB6F9-5CFE-4244-BB13-05700970C6ED}.Debug|Any CPU.ActiveCfg = Debug|Any CPU
		{4E7FB6F9-5CFE-4244-BB13-05700970C6ED}.Debug|Any CPU.Build.0 = Debug|Any CPU
		{4E7FB6F9-5CFE-4244-BB13-05700970C6ED}.Release|Any CPU.ActiveCfg = Release|Any CPU
		{4E7FB6F9-5CFE-4244-BB13-05700970C6ED}.Release|Any CPU.Build.0 = Release|Any CPU
		{74422EE1-B2DB-46C9-BDDD-3D57FA13BE5A}.Debug|Any CPU.ActiveCfg = Debug|Any CPU
		{74422EE1-B2DB-46C9-BDDD-3D57FA13BE5A}.Debug|Any CPU.Build.0 = Debug|Any CPU
		{74422EE1-B2DB-46C9-BDDD-3D57FA13BE5A}.Release|Any CPU.ActiveCfg = Release|Any CPU
		{74422EE1-B2DB-46C9-BDDD-3D57FA13BE5A}.Release|Any CPU.Build.0 = Release|Any CPU
		{32C172C9-D3F2-4D24-92F0-C0C5F8E0CF81}.Debug|Any CPU.ActiveCfg = Debug|Any CPU
		{32C172C9-D3F2-4D24-92F0-C0C5F8E0CF81}.Debug|Any CPU.Build.0 = Debug|Any CPU
		{32C172C9-D3F2-4D24-92F0-C0C5F8E0CF81}.Release|Any CPU.ActiveCfg = Release|Any CPU
		{32C172C9-D3F2-4D24-92F0-C0C5F8E0CF81}.Release|Any CPU.Build.0 = Release|Any CPU
		{5FCA1C04-6DF5-42B5-95FB-5D6F8B6EDBFF}.Debug|Any CPU.ActiveCfg = Debug|Any CPU
		{5FCA1C04-6DF5-42B5-95FB-5D6F8B6EDBFF}.Debug|Any CPU.Build.0 = Debug|Any CPU
		{5FCA1C04-6DF5-42B5-95FB-5D6F8B6EDBFF}.Release|Any CPU.ActiveCfg = Release|Any CPU
		{5FCA1C04-6DF5-42B5-95FB-5D6F8B6EDBFF}.Release|Any CPU.Build.0 = Release|Any CPU
	EndGlobalSection
	GlobalSection(SolutionProperties) = preSolution
		HideSolutionNode = FALSE
	EndGlobalSection
	GlobalSection(ExtensibilityGlobals) = postSolution
		SolutionGuid = {4DC84E88-0B7A-459B-A864-FEFAC9C491DC}
	EndGlobalSection
EndGlobal
